
Microsoft Visual Studio Solution File, Format Version 12.00
# Visual Studio Version 17
VisualStudioVersion = 17.0.32126.317
MinimumVisualStudioVersion = 10.0.40219.1
Project("{9A19103F-16F7-4668-BE54-9A1E7A4F7556}") = "SciFiSim", "SciFiSim.csproj", "{1A05F40B-5157-4F0B-A989-897FC8DF5C08}"
EndProject
Project("{9A19103F-16F7-4668-BE54-9A1E7A4F7556}") = "SciFiSim.Logic", "..\SciFISIm.Logic\SciFiSim.Logic.csproj", "{73FEC900-37C8-4A61-83F9-7ECE1F0BF009}"
EndProject
Project("{FAE04EC0-301F-11D3-BF4B-00C04F79EFBC}") = "LogicTestApp", "..\LogicTestApp\LogicTestApp.csproj", "{5CB0949D-41E5-41FE-A77F-F8DB37542209}"
EndProject
Global
	GlobalSection(SolutionConfigurationPlatforms) = preSolution
		Debug|Any CPU = Debug|Any CPU
		Release|Any CPU = Release|Any CPU
	EndGlobalSection
	GlobalSection(ProjectConfigurationPlatforms) = postSolution
		{1A05F40B-5157-4F0B-A989-897FC8DF5C08}.Debug|Any CPU.ActiveCfg = Debug|Any CPU
		{1A05F40B-5157-4F0B-A989-897FC8DF5C08}.Debug|Any CPU.Build.0 = Debug|Any CPU
		{1A05F40B-5157-4F0B-A989-897FC8DF5C08}.Release|Any CPU.ActiveCfg = Release|Any CPU
		{1A05F40B-5157-4F0B-A989-897FC8DF5C08}.Release|Any CPU.Build.0 = Release|Any CPU
		{73FEC900-37C8-4A61-83F9-7ECE1F0BF009}.Debug|Any CPU.ActiveCfg = Debug|Any CPU
		{73FEC900-37C8-4A61-83F9-7ECE1F0BF009}.Debug|Any CPU.Build.0 = Debug|Any CPU
		{73FEC900-37C8-4A61-83F9-7ECE1F0BF009}.Release|Any CPU.ActiveCfg = Release|Any CPU
		{73FEC900-37C8-4A61-83F9-7ECE1F0BF009}.Release|Any CPU.Build.0 = Release|Any CPU
		{5CB0949D-41E5-41FE-A77F-F8DB37542209}.Debug|Any CPU.ActiveCfg = Debug|Any CPU
		{5CB0949D-41E5-41FE-A77F-F8DB37542209}.Debug|Any CPU.Build.0 = Debug|Any CPU
		{5CB0949D-41E5-41FE-A77F-F8DB37542209}.Release|Any CPU.ActiveCfg = Release|Any CPU
		{5CB0949D-41E5-41FE-A77F-F8DB37542209}.Release|Any CPU.Build.0 = Release|Any CPU
	EndGlobalSection
	GlobalSection(SolutionProperties) = preSolution
		HideSolutionNode = FALSE
	EndGlobalSection
	GlobalSection(ExtensibilityGlobals) = postSolution
		SolutionGuid = {FD37D20C-3469-4D36-B8D3-EDBF3C59B606}
	EndGlobalSection
EndGlobal
